// !$*UTF8*$!
{
	archiveVersion = 1;
	classes = {
	};
	objectVersion = 46;
	objects = {

/* Begin PBXBuildFile section */
		270F439CC45948757D5AE9F4 /* libPods.a in Frameworks */ = {isa = PBXBuildFile; fileRef = 69C75A431B65ADCD86C2E3BE /* libPods.a */; };
		3868252C1A45E95A0072DC96 /* PPSpinner.m in Sources */ = {isa = PBXBuildFile; fileRef = 3868252B1A45E95A0072DC96 /* PPSpinner.m */; };
		3868252F1A45E9BB0072DC96 /* PPScreenDimmer.m in Sources */ = {isa = PBXBuildFile; fileRef = 3868252E1A45E9BB0072DC96 /* PPScreenDimmer.m */; };
		386825321A45EBA60072DC96 /* PPStoryboardProvider.m in Sources */ = {isa = PBXBuildFile; fileRef = 386825311A45EBA60072DC96 /* PPStoryboardProvider.m */; };
		386825361A45EC3A0072DC96 /* UIDevice+DeviceType.m in Sources */ = {isa = PBXBuildFile; fileRef = 386825351A45EC3A0072DC96 /* UIDevice+DeviceType.m */; };
		386B29F71A4891A6006AF191 /* PPInjectorKeys.m in Sources */ = {isa = PBXBuildFile; fileRef = 386B29F61A4891A6006AF191 /* PPInjectorKeys.m */; };
		386B2A031A48A834006AF191 /* Default@2x.png in Resources */ = {isa = PBXBuildFile; fileRef = 386B2A021A48A834006AF191 /* Default@2x.png */; };
		386B2A051A48A899006AF191 /* Default-568h@2x.png in Resources */ = {isa = PBXBuildFile; fileRef = 386B2A041A48A899006AF191 /* Default-568h@2x.png */; };
		3875AC0F1A44F5E500903D78 /* main.m in Sources */ = {isa = PBXBuildFile; fileRef = 3875AC0E1A44F5E500903D78 /* main.m */; };
		3875AC121A44F5E500903D78 /* AppDelegate.m in Sources */ = {isa = PBXBuildFile; fileRef = 3875AC111A44F5E500903D78 /* AppDelegate.m */; };
		3875AC181A44F5E500903D78 /* PPLoginStoryboard.storyboard in Resources */ = {isa = PBXBuildFile; fileRef = 3875AC161A44F5E500903D78 /* PPLoginStoryboard.storyboard */; };
		3875AC1A1A44F5E500903D78 /* Images.xcassets in Resources */ = {isa = PBXBuildFile; fileRef = 3875AC191A44F5E500903D78 /* Images.xcassets */; };
		3875AC1D1A44F5E500903D78 /* LaunchScreen.xib in Resources */ = {isa = PBXBuildFile; fileRef = 3875AC1B1A44F5E500903D78 /* LaunchScreen.xib */; };
		3875AC291A44F5E500903D78 /* PooPingTests.m in Sources */ = {isa = PBXBuildFile; fileRef = 3875AC281A44F5E500903D78 /* PooPingTests.m */; };
		387D64FC1A472F8C00A3BACC /* PPFriendsListStoryboard.storyboard in Resources */ = {isa = PBXBuildFile; fileRef = 387D64FB1A472F8C00A3BACC /* PPFriendsListStoryboard.storyboard */; };
		387D64FF1A472FB000A3BACC /* PPFriendsListViewController.m in Sources */ = {isa = PBXBuildFile; fileRef = 387D64FE1A472FB000A3BACC /* PPFriendsListViewController.m */; };
		387D65031A47312500A3BACC /* PPUser.m in Sources */ = {isa = PBXBuildFile; fileRef = 387D65021A47312500A3BACC /* PPUser.m */; };
		3889493A1A45102D00B80039 /* PPSessionManager.m in Sources */ = {isa = PBXBuildFile; fileRef = 388949391A45102D00B80039 /* PPSessionManager.m */; };
		388949451A45150000B80039 /* PPHomeViewController.m in Sources */ = {isa = PBXBuildFile; fileRef = 388949441A45150000B80039 /* PPHomeViewController.m */; };
		388949491A45189000B80039 /* PPModule.m in Sources */ = {isa = PBXBuildFile; fileRef = 388949481A45189000B80039 /* PPModule.m */; };
		3889494D1A45193600B80039 /* PPStoryboardNames.m in Sources */ = {isa = PBXBuildFile; fileRef = 3889494C1A45193600B80039 /* PPStoryboardNames.m */; };
		38980B461A4774ED00018F0A /* PPFileUtils.m in Sources */ = {isa = PBXBuildFile; fileRef = 38980B451A4774ED00018F0A /* PPFileUtils.m */; };
		38C4D66F1A4B24DB003F1B0C /* PPSignUpStoryboard.storyboard in Resources */ = {isa = PBXBuildFile; fileRef = 38C4D66E1A4B24DB003F1B0C /* PPSignUpStoryboard.storyboard */; };
		38C4D6721A4B24F2003F1B0C /* PPSignUpViewController.m in Sources */ = {isa = PBXBuildFile; fileRef = 38C4D6711A4B24F2003F1B0C /* PPSignUpViewController.m */; };
		38DA21A11A45574A008EB7E7 /* PPHomeStoryboard.storyboard in Resources */ = {isa = PBXBuildFile; fileRef = 38DA21A01A45574A008EB7E7 /* PPHomeStoryboard.storyboard */; };
		38EDFA961A462266004A3D8F /* PPColors.m in Sources */ = {isa = PBXBuildFile; fileRef = 38EDFA951A462266004A3D8F /* PPColors.m */; };
		38EDFA991A462C8A004A3D8F /* NSDictionary+QueryString.m in Sources */ = {isa = PBXBuildFile; fileRef = 38EDFA981A462C8A004A3D8F /* NSDictionary+QueryString.m */; };
		38EDFA9C1A462D26004A3D8F /* NSString+URLEncoding.m in Sources */ = {isa = PBXBuildFile; fileRef = 38EDFA9B1A462D26004A3D8F /* NSString+URLEncoding.m */; };
		38F726C81A44FB330065BAE6 /* PPLoginViewController.m in Sources */ = {isa = PBXBuildFile; fileRef = 38F726C71A44FB330065BAE6 /* PPLoginViewController.m */; };
		38F726CC1A4508CC0065BAE6 /* PPNetworking.m in Sources */ = {isa = PBXBuildFile; fileRef = 38F726CB1A4508CC0065BAE6 /* PPNetworking.m */; };
		4EADC2FF338EA644CDCE5111 /* libPods-PooPingTests.a in Frameworks */ = {isa = PBXBuildFile; fileRef = 9E983440AA6EC596B122F008 /* libPods-PooPingTests.a */; };
/* End PBXBuildFile section */

/* Begin PBXContainerItemProxy section */
		3875AC231A44F5E500903D78 /* PBXContainerItemProxy */ = {
			isa = PBXContainerItemProxy;
			containerPortal = 3875AC011A44F5E500903D78 /* Project object */;
			proxyType = 1;
			remoteGlobalIDString = 3875AC081A44F5E500903D78;
			remoteInfo = PooPing;
		};
/* End PBXContainerItemProxy section */

/* Begin PBXFileReference section */
		3868252A1A45E95A0072DC96 /* PPSpinner.h */ = {isa = PBXFileReference; fileEncoding = 4; lastKnownFileType = sourcecode.c.h; path = PPSpinner.h; sourceTree = "<group>"; };
		3868252B1A45E95A0072DC96 /* PPSpinner.m */ = {isa = PBXFileReference; fileEncoding = 4; lastKnownFileType = sourcecode.c.objc; path = PPSpinner.m; sourceTree = "<group>"; };
		3868252D1A45E9BB0072DC96 /* PPScreenDimmer.h */ = {isa = PBXFileReference; fileEncoding = 4; lastKnownFileType = sourcecode.c.h; path = PPScreenDimmer.h; sourceTree = "<group>"; };
		3868252E1A45E9BB0072DC96 /* PPScreenDimmer.m */ = {isa = PBXFileReference; fileEncoding = 4; lastKnownFileType = sourcecode.c.objc; path = PPScreenDimmer.m; sourceTree = "<group>"; };
		386825301A45EBA60072DC96 /* PPStoryboardProvider.h */ = {isa = PBXFileReference; fileEncoding = 4; lastKnownFileType = sourcecode.c.h; path = PPStoryboardProvider.h; sourceTree = "<group>"; };
		386825311A45EBA60072DC96 /* PPStoryboardProvider.m */ = {isa = PBXFileReference; fileEncoding = 4; lastKnownFileType = sourcecode.c.objc; path = PPStoryboardProvider.m; sourceTree = "<group>"; };
		386825341A45EC3A0072DC96 /* UIDevice+DeviceType.h */ = {isa = PBXFileReference; fileEncoding = 4; lastKnownFileType = sourcecode.c.h; path = "UIDevice+DeviceType.h"; sourceTree = "<group>"; };
		386825351A45EC3A0072DC96 /* UIDevice+DeviceType.m */ = {isa = PBXFileReference; fileEncoding = 4; lastKnownFileType = sourcecode.c.objc; path = "UIDevice+DeviceType.m"; sourceTree = "<group>"; };
		386B29F51A4891A6006AF191 /* PPInjectorKeys.h */ = {isa = PBXFileReference; fileEncoding = 4; lastKnownFileType = sourcecode.c.h; path = PPInjectorKeys.h; sourceTree = "<group>"; };
		386B29F61A4891A6006AF191 /* PPInjectorKeys.m */ = {isa = PBXFileReference; fileEncoding = 4; lastKnownFileType = sourcecode.c.objc; path = PPInjectorKeys.m; sourceTree = "<group>"; };
		386B2A021A48A834006AF191 /* Default@2x.png */ = {isa = PBXFileReference; lastKnownFileType = image.png; path = "Default@2x.png"; sourceTree = "<group>"; };
		386B2A041A48A899006AF191 /* Default-568h@2x.png */ = {isa = PBXFileReference; lastKnownFileType = image.png; path = "Default-568h@2x.png"; sourceTree = "<group>"; };
		3875AC091A44F5E500903D78 /* PooPing.app */ = {isa = PBXFileReference; explicitFileType = wrapper.application; includeInIndex = 0; path = PooPing.app; sourceTree = BUILT_PRODUCTS_DIR; };
		3875AC0D1A44F5E500903D78 /* Info.plist */ = {isa = PBXFileReference; lastKnownFileType = text.plist.xml; path = Info.plist; sourceTree = "<group>"; };
		3875AC0E1A44F5E500903D78 /* main.m */ = {isa = PBXFileReference; lastKnownFileType = sourcecode.c.objc; path = main.m; sourceTree = "<group>"; };
		3875AC101A44F5E500903D78 /* AppDelegate.h */ = {isa = PBXFileReference; lastKnownFileType = sourcecode.c.h; path = AppDelegate.h; sourceTree = "<group>"; };
		3875AC111A44F5E500903D78 /* AppDelegate.m */ = {isa = PBXFileReference; lastKnownFileType = sourcecode.c.objc; path = AppDelegate.m; sourceTree = "<group>"; };
		3875AC171A44F5E500903D78 /* Base */ = {isa = PBXFileReference; lastKnownFileType = file.storyboard; name = Base; path = Base.lproj/PPLoginStoryboard.storyboard; sourceTree = "<group>"; };
		3875AC191A44F5E500903D78 /* Images.xcassets */ = {isa = PBXFileReference; lastKnownFileType = folder.assetcatalog; path = Images.xcassets; sourceTree = "<group>"; };
		3875AC1C1A44F5E500903D78 /* Base */ = {isa = PBXFileReference; lastKnownFileType = file.xib; name = Base; path = Base.lproj/LaunchScreen.xib; sourceTree = "<group>"; };
		3875AC221A44F5E500903D78 /* PooPingTests.xctest */ = {isa = PBXFileReference; explicitFileType = wrapper.cfbundle; includeInIndex = 0; path = PooPingTests.xctest; sourceTree = BUILT_PRODUCTS_DIR; };
		3875AC271A44F5E500903D78 /* Info.plist */ = {isa = PBXFileReference; lastKnownFileType = text.plist.xml; path = Info.plist; sourceTree = "<group>"; };
		3875AC281A44F5E500903D78 /* PooPingTests.m */ = {isa = PBXFileReference; lastKnownFileType = sourcecode.c.objc; path = PooPingTests.m; sourceTree = "<group>"; };
		387D64FB1A472F8C00A3BACC /* PPFriendsListStoryboard.storyboard */ = {isa = PBXFileReference; fileEncoding = 4; lastKnownFileType = file.storyboard; path = PPFriendsListStoryboard.storyboard; sourceTree = "<group>"; };
		387D64FD1A472FB000A3BACC /* PPFriendsListViewController.h */ = {isa = PBXFileReference; fileEncoding = 4; lastKnownFileType = sourcecode.c.h; path = PPFriendsListViewController.h; sourceTree = "<group>"; };
		387D64FE1A472FB000A3BACC /* PPFriendsListViewController.m */ = {isa = PBXFileReference; fileEncoding = 4; lastKnownFileType = sourcecode.c.objc; path = PPFriendsListViewController.m; sourceTree = "<group>"; };
		387D65011A47312500A3BACC /* PPUser.h */ = {isa = PBXFileReference; fileEncoding = 4; lastKnownFileType = sourcecode.c.h; path = PPUser.h; sourceTree = "<group>"; };
		387D65021A47312500A3BACC /* PPUser.m */ = {isa = PBXFileReference; fileEncoding = 4; lastKnownFileType = sourcecode.c.objc; path = PPUser.m; sourceTree = "<group>"; };
		388949381A45102D00B80039 /* PPSessionManager.h */ = {isa = PBXFileReference; fileEncoding = 4; lastKnownFileType = sourcecode.c.h; path = PPSessionManager.h; sourceTree = "<group>"; };
		388949391A45102D00B80039 /* PPSessionManager.m */ = {isa = PBXFileReference; fileEncoding = 4; lastKnownFileType = sourcecode.c.objc; path = PPSessionManager.m; sourceTree = "<group>"; };
		388949431A45150000B80039 /* PPHomeViewController.h */ = {isa = PBXFileReference; fileEncoding = 4; lastKnownFileType = sourcecode.c.h; path = PPHomeViewController.h; sourceTree = "<group>"; };
		388949441A45150000B80039 /* PPHomeViewController.m */ = {isa = PBXFileReference; fileEncoding = 4; lastKnownFileType = sourcecode.c.objc; path = PPHomeViewController.m; sourceTree = "<group>"; };
		388949471A45189000B80039 /* PPModule.h */ = {isa = PBXFileReference; fileEncoding = 4; lastKnownFileType = sourcecode.c.h; path = PPModule.h; sourceTree = "<group>"; };
		388949481A45189000B80039 /* PPModule.m */ = {isa = PBXFileReference; fileEncoding = 4; lastKnownFileType = sourcecode.c.objc; path = PPModule.m; sourceTree = "<group>"; };
		3889494B1A45193600B80039 /* PPStoryboardNames.h */ = {isa = PBXFileReference; fileEncoding = 4; lastKnownFileType = sourcecode.c.h; path = PPStoryboardNames.h; sourceTree = "<group>"; };
		3889494C1A45193600B80039 /* PPStoryboardNames.m */ = {isa = PBXFileReference; fileEncoding = 4; lastKnownFileType = sourcecode.c.objc; path = PPStoryboardNames.m; sourceTree = "<group>"; };
		38980B441A4774ED00018F0A /* PPFileUtils.h */ = {isa = PBXFileReference; fileEncoding = 4; lastKnownFileType = sourcecode.c.h; path = PPFileUtils.h; sourceTree = "<group>"; };
		38980B451A4774ED00018F0A /* PPFileUtils.m */ = {isa = PBXFileReference; fileEncoding = 4; lastKnownFileType = sourcecode.c.objc; path = PPFileUtils.m; sourceTree = "<group>"; };
		38C4D66E1A4B24DB003F1B0C /* PPSignUpStoryboard.storyboard */ = {isa = PBXFileReference; fileEncoding = 4; lastKnownFileType = file.storyboard; path = PPSignUpStoryboard.storyboard; sourceTree = "<group>"; };
		38C4D6701A4B24F2003F1B0C /* PPSignUpViewController.h */ = {isa = PBXFileReference; fileEncoding = 4; lastKnownFileType = sourcecode.c.h; path = PPSignUpViewController.h; sourceTree = "<group>"; };
		38C4D6711A4B24F2003F1B0C /* PPSignUpViewController.m */ = {isa = PBXFileReference; fileEncoding = 4; lastKnownFileType = sourcecode.c.objc; path = PPSignUpViewController.m; sourceTree = "<group>"; };
		38DA21A01A45574A008EB7E7 /* PPHomeStoryboard.storyboard */ = {isa = PBXFileReference; fileEncoding = 4; lastKnownFileType = file.storyboard; path = PPHomeStoryboard.storyboard; sourceTree = "<group>"; };
		38EDFA941A462266004A3D8F /* PPColors.h */ = {isa = PBXFileReference; fileEncoding = 4; lastKnownFileType = sourcecode.c.h; path = PPColors.h; sourceTree = "<group>"; };
		38EDFA951A462266004A3D8F /* PPColors.m */ = {isa = PBXFileReference; fileEncoding = 4; lastKnownFileType = sourcecode.c.objc; path = PPColors.m; sourceTree = "<group>"; };
		38EDFA971A462C8A004A3D8F /* NSDictionary+QueryString.h */ = {isa = PBXFileReference; fileEncoding = 4; lastKnownFileType = sourcecode.c.h; path = "NSDictionary+QueryString.h"; sourceTree = "<group>"; };
		38EDFA981A462C8A004A3D8F /* NSDictionary+QueryString.m */ = {isa = PBXFileReference; fileEncoding = 4; lastKnownFileType = sourcecode.c.objc; path = "NSDictionary+QueryString.m"; sourceTree = "<group>"; };
		38EDFA9A1A462D26004A3D8F /* NSString+URLEncoding.h */ = {isa = PBXFileReference; fileEncoding = 4; lastKnownFileType = sourcecode.c.h; path = "NSString+URLEncoding.h"; sourceTree = "<group>"; };
		38EDFA9B1A462D26004A3D8F /* NSString+URLEncoding.m */ = {isa = PBXFileReference; fileEncoding = 4; lastKnownFileType = sourcecode.c.objc; path = "NSString+URLEncoding.m"; sourceTree = "<group>"; };
		38F726C51A44FA5E0065BAE6 /* PooPing-Prefix.pch */ = {isa = PBXFileReference; lastKnownFileType = sourcecode.c.h; path = "PooPing-Prefix.pch"; sourceTree = "<group>"; };
		38F726C61A44FB330065BAE6 /* PPLoginViewController.h */ = {isa = PBXFileReference; fileEncoding = 4; lastKnownFileType = sourcecode.c.h; path = PPLoginViewController.h; sourceTree = "<group>"; };
		38F726C71A44FB330065BAE6 /* PPLoginViewController.m */ = {isa = PBXFileReference; fileEncoding = 4; lastKnownFileType = sourcecode.c.objc; path = PPLoginViewController.m; sourceTree = "<group>"; };
		38F726CA1A4508CC0065BAE6 /* PPNetworking.h */ = {isa = PBXFileReference; fileEncoding = 4; lastKnownFileType = sourcecode.c.h; path = PPNetworking.h; sourceTree = "<group>"; };
		38F726CB1A4508CC0065BAE6 /* PPNetworking.m */ = {isa = PBXFileReference; fileEncoding = 4; lastKnownFileType = sourcecode.c.objc; path = PPNetworking.m; sourceTree = "<group>"; };
		3B44A1A83D14D6F23768B7E0 /* Pods-PooPingTests.release.xcconfig */ = {isa = PBXFileReference; includeInIndex = 1; lastKnownFileType = text.xcconfig; name = "Pods-PooPingTests.release.xcconfig"; path = "Pods/Target Support Files/Pods-PooPingTests/Pods-PooPingTests.release.xcconfig"; sourceTree = "<group>"; };
		680FE1715BDE427B75EA67FE /* Pods-PooPingTests.debug.xcconfig */ = {isa = PBXFileReference; includeInIndex = 1; lastKnownFileType = text.xcconfig; name = "Pods-PooPingTests.debug.xcconfig"; path = "Pods/Target Support Files/Pods-PooPingTests/Pods-PooPingTests.debug.xcconfig"; sourceTree = "<group>"; };
		69C75A431B65ADCD86C2E3BE /* libPods.a */ = {isa = PBXFileReference; explicitFileType = archive.ar; includeInIndex = 0; path = libPods.a; sourceTree = BUILT_PRODUCTS_DIR; };
		7E255BBDB8B1616866B8085A /* Pods.release.xcconfig */ = {isa = PBXFileReference; includeInIndex = 1; lastKnownFileType = text.xcconfig; name = Pods.release.xcconfig; path = "Pods/Target Support Files/Pods/Pods.release.xcconfig"; sourceTree = "<group>"; };
		9E983440AA6EC596B122F008 /* libPods-PooPingTests.a */ = {isa = PBXFileReference; explicitFileType = archive.ar; includeInIndex = 0; path = "libPods-PooPingTests.a"; sourceTree = BUILT_PRODUCTS_DIR; };
		B0FFEA246C20A1A6E8416C6E /* Pods.debug.xcconfig */ = {isa = PBXFileReference; includeInIndex = 1; lastKnownFileType = text.xcconfig; name = Pods.debug.xcconfig; path = "Pods/Target Support Files/Pods/Pods.debug.xcconfig"; sourceTree = "<group>"; };
/* End PBXFileReference section */

/* Begin PBXFrameworksBuildPhase section */
		3875AC061A44F5E500903D78 /* Frameworks */ = {
			isa = PBXFrameworksBuildPhase;
			buildActionMask = 2147483647;
			files = (
				270F439CC45948757D5AE9F4 /* libPods.a in Frameworks */,
			);
			runOnlyForDeploymentPostprocessing = 0;
		};
		3875AC1F1A44F5E500903D78 /* Frameworks */ = {
			isa = PBXFrameworksBuildPhase;
			buildActionMask = 2147483647;
			files = (
				4EADC2FF338EA644CDCE5111 /* libPods-PooPingTests.a in Frameworks */,
			);
			runOnlyForDeploymentPostprocessing = 0;
		};
/* End PBXFrameworksBuildPhase section */

/* Begin PBXGroup section */
		347F7448D6D0012879C8BE58 /* Frameworks */ = {
			isa = PBXGroup;
			children = (
				69C75A431B65ADCD86C2E3BE /* libPods.a */,
				9E983440AA6EC596B122F008 /* libPods-PooPingTests.a */,
			);
			name = Frameworks;
			sourceTree = "<group>";
		};
		386825291A45E93F0072DC96 /* Spinner */ = {
			isa = PBXGroup;
			children = (
				3868252A1A45E95A0072DC96 /* PPSpinner.h */,
				3868252B1A45E95A0072DC96 /* PPSpinner.m */,
				3868252D1A45E9BB0072DC96 /* PPScreenDimmer.h */,
				3868252E1A45E9BB0072DC96 /* PPScreenDimmer.m */,
			);
			path = Spinner;
			sourceTree = "<group>";
		};
		386825331A45EBEA0072DC96 /* Categories */ = {
			isa = PBXGroup;
			children = (
				386825341A45EC3A0072DC96 /* UIDevice+DeviceType.h */,
				386825351A45EC3A0072DC96 /* UIDevice+DeviceType.m */,
				38EDFA971A462C8A004A3D8F /* NSDictionary+QueryString.h */,
				38EDFA981A462C8A004A3D8F /* NSDictionary+QueryString.m */,
				38EDFA9A1A462D26004A3D8F /* NSString+URLEncoding.h */,
				38EDFA9B1A462D26004A3D8F /* NSString+URLEncoding.m */,
			);
			path = Categories;
			sourceTree = "<group>";
		};
		3875AC001A44F5E500903D78 = {
			isa = PBXGroup;
			children = (
				3875AC0B1A44F5E500903D78 /* PooPing */,
				3875AC251A44F5E500903D78 /* PooPingTests */,
				3875AC0A1A44F5E500903D78 /* Products */,
				3EBD4A5D796660C9B29DEF69 /* Pods */,
				347F7448D6D0012879C8BE58 /* Frameworks */,
			);
			sourceTree = "<group>";
		};
		3875AC0A1A44F5E500903D78 /* Products */ = {
			isa = PBXGroup;
			children = (
				3875AC091A44F5E500903D78 /* PooPing.app */,
				3875AC221A44F5E500903D78 /* PooPingTests.xctest */,
			);
			name = Products;
			sourceTree = "<group>";
		};
		3875AC0B1A44F5E500903D78 /* PooPing */ = {
			isa = PBXGroup;
			children = (
				387D65001A47310E00A3BACC /* Models */,
				386825331A45EBEA0072DC96 /* Categories */,
				386825291A45E93F0072DC96 /* Spinner */,
				3889494A1A45191900B80039 /* Storyboards */,
				388949461A45187500B80039 /* Blindside */,
				388949371A45101500B80039 /* Utilities */,
				38F726C91A4508AD0065BAE6 /* Networking */,
				38F726BF1A44F83E0065BAE6 /* ViewControllers */,
				3875AC101A44F5E500903D78 /* AppDelegate.h */,
				3875AC111A44F5E500903D78 /* AppDelegate.m */,
				3875AC191A44F5E500903D78 /* Images.xcassets */,
				3875AC1B1A44F5E500903D78 /* LaunchScreen.xib */,
				3875AC0C1A44F5E500903D78 /* Supporting Files */,
			);
			path = PooPing;
			sourceTree = "<group>";
		};
		3875AC0C1A44F5E500903D78 /* Supporting Files */ = {
			isa = PBXGroup;
			children = (
				386B2A041A48A899006AF191 /* Default-568h@2x.png */,
				386B2A021A48A834006AF191 /* Default@2x.png */,
				3875AC0D1A44F5E500903D78 /* Info.plist */,
				3875AC0E1A44F5E500903D78 /* main.m */,
				38F726C51A44FA5E0065BAE6 /* PooPing-Prefix.pch */,
			);
			name = "Supporting Files";
			sourceTree = "<group>";
		};
		3875AC251A44F5E500903D78 /* PooPingTests */ = {
			isa = PBXGroup;
			children = (
				3875AC281A44F5E500903D78 /* PooPingTests.m */,
				3875AC261A44F5E500903D78 /* Supporting Files */,
			);
			path = PooPingTests;
			sourceTree = "<group>";
		};
		3875AC261A44F5E500903D78 /* Supporting Files */ = {
			isa = PBXGroup;
			children = (
				3875AC271A44F5E500903D78 /* Info.plist */,
			);
			name = "Supporting Files";
			sourceTree = "<group>";
		};
		387D65001A47310E00A3BACC /* Models */ = {
			isa = PBXGroup;
			children = (
				387D65011A47312500A3BACC /* PPUser.h */,
				387D65021A47312500A3BACC /* PPUser.m */,
			);
			path = Models;
			sourceTree = "<group>";
		};
		388949371A45101500B80039 /* Utilities */ = {
			isa = PBXGroup;
			children = (
				388949381A45102D00B80039 /* PPSessionManager.h */,
				388949391A45102D00B80039 /* PPSessionManager.m */,
				38EDFA941A462266004A3D8F /* PPColors.h */,
				38EDFA951A462266004A3D8F /* PPColors.m */,
				38980B441A4774ED00018F0A /* PPFileUtils.h */,
				38980B451A4774ED00018F0A /* PPFileUtils.m */,
			);
			path = Utilities;
			sourceTree = "<group>";
		};
		388949461A45187500B80039 /* Blindside */ = {
			isa = PBXGroup;
			children = (
				388949471A45189000B80039 /* PPModule.h */,
				388949481A45189000B80039 /* PPModule.m */,
				386B29F51A4891A6006AF191 /* PPInjectorKeys.h */,
				386B29F61A4891A6006AF191 /* PPInjectorKeys.m */,
			);
			path = Blindside;
			sourceTree = "<group>";
		};
		3889494A1A45191900B80039 /* Storyboards */ = {
			isa = PBXGroup;
			children = (
				3875AC161A44F5E500903D78 /* PPLoginStoryboard.storyboard */,
				3889494B1A45193600B80039 /* PPStoryboardNames.h */,
				3889494C1A45193600B80039 /* PPStoryboardNames.m */,
				38DA21A01A45574A008EB7E7 /* PPHomeStoryboard.storyboard */,
				386825301A45EBA60072DC96 /* PPStoryboardProvider.h */,
				386825311A45EBA60072DC96 /* PPStoryboardProvider.m */,
				387D64FB1A472F8C00A3BACC /* PPFriendsListStoryboard.storyboard */,
				38C4D66E1A4B24DB003F1B0C /* PPSignUpStoryboard.storyboard */,
			);
			path = Storyboards;
			sourceTree = "<group>";
		};
		38F726BF1A44F83E0065BAE6 /* ViewControllers */ = {
			isa = PBXGroup;
			children = (
				38F726C61A44FB330065BAE6 /* PPLoginViewController.h */,
				38F726C71A44FB330065BAE6 /* PPLoginViewController.m */,
				388949431A45150000B80039 /* PPHomeViewController.h */,
				388949441A45150000B80039 /* PPHomeViewController.m */,
				387D64FD1A472FB000A3BACC /* PPFriendsListViewController.h */,
				387D64FE1A472FB000A3BACC /* PPFriendsListViewController.m */,
				38C4D6701A4B24F2003F1B0C /* PPSignUpViewController.h */,
				38C4D6711A4B24F2003F1B0C /* PPSignUpViewController.m */,
			);
			path = ViewControllers;
			sourceTree = "<group>";
		};
		38F726C91A4508AD0065BAE6 /* Networking */ = {
			isa = PBXGroup;
			children = (
				38F726CA1A4508CC0065BAE6 /* PPNetworking.h */,
				38F726CB1A4508CC0065BAE6 /* PPNetworking.m */,
			);
			path = Networking;
			sourceTree = "<group>";
		};
		3EBD4A5D796660C9B29DEF69 /* Pods */ = {
			isa = PBXGroup;
			children = (
				B0FFEA246C20A1A6E8416C6E /* Pods.debug.xcconfig */,
				7E255BBDB8B1616866B8085A /* Pods.release.xcconfig */,
				680FE1715BDE427B75EA67FE /* Pods-PooPingTests.debug.xcconfig */,
				3B44A1A83D14D6F23768B7E0 /* Pods-PooPingTests.release.xcconfig */,
			);
			name = Pods;
			sourceTree = "<group>";
		};
/* End PBXGroup section */

/* Begin PBXNativeTarget section */
		3875AC081A44F5E500903D78 /* PooPing */ = {
			isa = PBXNativeTarget;
			buildConfigurationList = 3875AC2C1A44F5E500903D78 /* Build configuration list for PBXNativeTarget "PooPing" */;
			buildPhases = (
				293473D856D1A2AD869E36C1 /* Check Pods Manifest.lock */,
				3875AC051A44F5E500903D78 /* Sources */,
				3875AC061A44F5E500903D78 /* Frameworks */,
				3875AC071A44F5E500903D78 /* Resources */,
				87D4156FA96C97B007528245 /* Copy Pods Resources */,
			);
			buildRules = (
			);
			dependencies = (
			);
			name = PooPing;
			productName = PooPing;
			productReference = 3875AC091A44F5E500903D78 /* PooPing.app */;
			productType = "com.apple.product-type.application";
		};
		3875AC211A44F5E500903D78 /* PooPingTests */ = {
			isa = PBXNativeTarget;
			buildConfigurationList = 3875AC2F1A44F5E500903D78 /* Build configuration list for PBXNativeTarget "PooPingTests" */;
			buildPhases = (
				FD86B2D05A2B3B11477AC27E /* Check Pods Manifest.lock */,
				3875AC1E1A44F5E500903D78 /* Sources */,
				3875AC1F1A44F5E500903D78 /* Frameworks */,
				3875AC201A44F5E500903D78 /* Resources */,
				4F4286B08E1B0820E2427B71 /* Copy Pods Resources */,
			);
			buildRules = (
			);
			dependencies = (
				3875AC241A44F5E500903D78 /* PBXTargetDependency */,
			);
			name = PooPingTests;
			productName = PooPingTests;
			productReference = 3875AC221A44F5E500903D78 /* PooPingTests.xctest */;
			productType = "com.apple.product-type.bundle.unit-test";
		};
/* End PBXNativeTarget section */

/* Begin PBXProject section */
		3875AC011A44F5E500903D78 /* Project object */ = {
			isa = PBXProject;
			attributes = {
				CLASSPREFIX = PP;
				LastUpgradeCheck = 0610;
				ORGANIZATIONNAME = Raz;
				TargetAttributes = {
					3875AC081A44F5E500903D78 = {
						CreatedOnToolsVersion = 6.1.1;
						DevelopmentTeam = 69CN5HMUNT;
					};
					3875AC211A44F5E500903D78 = {
						CreatedOnToolsVersion = 6.1.1;
						TestTargetID = 3875AC081A44F5E500903D78;
					};
				};
			};
			buildConfigurationList = 3875AC041A44F5E500903D78 /* Build configuration list for PBXProject "PooPing" */;
			compatibilityVersion = "Xcode 3.2";
			developmentRegion = English;
			hasScannedForEncodings = 0;
			knownRegions = (
				en,
				Base,
			);
			mainGroup = 3875AC001A44F5E500903D78;
			productRefGroup = 3875AC0A1A44F5E500903D78 /* Products */;
			projectDirPath = "";
			projectRoot = "";
			targets = (
				3875AC081A44F5E500903D78 /* PooPing */,
				3875AC211A44F5E500903D78 /* PooPingTests */,
			);
		};
/* End PBXProject section */

/* Begin PBXResourcesBuildPhase section */
		3875AC071A44F5E500903D78 /* Resources */ = {
			isa = PBXResourcesBuildPhase;
			buildActionMask = 2147483647;
			files = (
				386B2A031A48A834006AF191 /* Default@2x.png in Resources */,
				38DA21A11A45574A008EB7E7 /* PPHomeStoryboard.storyboard in Resources */,
				3875AC181A44F5E500903D78 /* PPLoginStoryboard.storyboard in Resources */,
				38C4D66F1A4B24DB003F1B0C /* PPSignUpStoryboard.storyboard in Resources */,
				387D64FC1A472F8C00A3BACC /* PPFriendsListStoryboard.storyboard in Resources */,
				3875AC1D1A44F5E500903D78 /* LaunchScreen.xib in Resources */,
				386B2A051A48A899006AF191 /* Default-568h@2x.png in Resources */,
				3875AC1A1A44F5E500903D78 /* Images.xcassets in Resources */,
			);
			runOnlyForDeploymentPostprocessing = 0;
		};
		3875AC201A44F5E500903D78 /* Resources */ = {
			isa = PBXResourcesBuildPhase;
			buildActionMask = 2147483647;
			files = (
			);
			runOnlyForDeploymentPostprocessing = 0;
		};
/* End PBXResourcesBuildPhase section */

/* Begin PBXShellScriptBuildPhase section */
		293473D856D1A2AD869E36C1 /* Check Pods Manifest.lock */ = {
			isa = PBXShellScriptBuildPhase;
			buildActionMask = 2147483647;
			files = (
			);
			inputPaths = (
			);
			name = "Check Pods Manifest.lock";
			outputPaths = (
			);
			runOnlyForDeploymentPostprocessing = 0;
			shellPath = /bin/sh;
			shellScript = "diff \"${PODS_ROOT}/../Podfile.lock\" \"${PODS_ROOT}/Manifest.lock\" > /dev/null\nif [[ $? != 0 ]] ; then\n    cat << EOM\nerror: The sandbox is not in sync with the Podfile.lock. Run 'pod install' or update your CocoaPods installation.\nEOM\n    exit 1\nfi\n";
			showEnvVarsInLog = 0;
		};
		4F4286B08E1B0820E2427B71 /* Copy Pods Resources */ = {
			isa = PBXShellScriptBuildPhase;
			buildActionMask = 2147483647;
			files = (
			);
			inputPaths = (
			);
			name = "Copy Pods Resources";
			outputPaths = (
			);
			runOnlyForDeploymentPostprocessing = 0;
			shellPath = /bin/sh;
			shellScript = "\"${SRCROOT}/Pods/Target Support Files/Pods-PooPingTests/Pods-PooPingTests-resources.sh\"\n";
			showEnvVarsInLog = 0;
		};
		87D4156FA96C97B007528245 /* Copy Pods Resources */ = {
			isa = PBXShellScriptBuildPhase;
			buildActionMask = 2147483647;
			files = (
			);
			inputPaths = (
			);
			name = "Copy Pods Resources";
			outputPaths = (
			);
			runOnlyForDeploymentPostprocessing = 0;
			shellPath = /bin/sh;
			shellScript = "\"${SRCROOT}/Pods/Target Support Files/Pods/Pods-resources.sh\"\n";
			showEnvVarsInLog = 0;
		};
		FD86B2D05A2B3B11477AC27E /* Check Pods Manifest.lock */ = {
			isa = PBXShellScriptBuildPhase;
			buildActionMask = 2147483647;
			files = (
			);
			inputPaths = (
			);
			name = "Check Pods Manifest.lock";
			outputPaths = (
			);
			runOnlyForDeploymentPostprocessing = 0;
			shellPath = /bin/sh;
			shellScript = "diff \"${PODS_ROOT}/../Podfile.lock\" \"${PODS_ROOT}/Manifest.lock\" > /dev/null\nif [[ $? != 0 ]] ; then\n    cat << EOM\nerror: The sandbox is not in sync with the Podfile.lock. Run 'pod install' or update your CocoaPods installation.\nEOM\n    exit 1\nfi\n";
			showEnvVarsInLog = 0;
		};
/* End PBXShellScriptBuildPhase section */

/* Begin PBXSourcesBuildPhase section */
		3875AC051A44F5E500903D78 /* Sources */ = {
			isa = PBXSourcesBuildPhase;
			buildActionMask = 2147483647;
			files = (
				38C4D6721A4B24F2003F1B0C /* PPSignUpViewController.m in Sources */,
				38EDFA9C1A462D26004A3D8F /* NSString+URLEncoding.m in Sources */,
				386B29F71A4891A6006AF191 /* PPInjectorKeys.m in Sources */,
				38980B461A4774ED00018F0A /* PPFileUtils.m in Sources */,
				3868252C1A45E95A0072DC96 /* PPSpinner.m in Sources */,
				387D65031A47312500A3BACC /* PPUser.m in Sources */,
				3889494D1A45193600B80039 /* PPStoryboardNames.m in Sources */,
				38F726CC1A4508CC0065BAE6 /* PPNetworking.m in Sources */,
				38EDFA961A462266004A3D8F /* PPColors.m in Sources */,
				38EDFA991A462C8A004A3D8F /* NSDictionary+QueryString.m in Sources */,
				388949451A45150000B80039 /* PPHomeViewController.m in Sources */,
				388949491A45189000B80039 /* PPModule.m in Sources */,
				3868252F1A45E9BB0072DC96 /* PPScreenDimmer.m in Sources */,
				3889493A1A45102D00B80039 /* PPSessionManager.m in Sources */,
				386825321A45EBA60072DC96 /* PPStoryboardProvider.m in Sources */,
				3875AC121A44F5E500903D78 /* AppDelegate.m in Sources */,
				38F726C81A44FB330065BAE6 /* PPLoginViewController.m in Sources */,
				3875AC0F1A44F5E500903D78 /* main.m in Sources */,
				387D64FF1A472FB000A3BACC /* PPFriendsListViewController.m in Sources */,
				386825361A45EC3A0072DC96 /* UIDevice+DeviceType.m in Sources */,
			);
			runOnlyForDeploymentPostprocessing = 0;
		};
		3875AC1E1A44F5E500903D78 /* Sources */ = {
			isa = PBXSourcesBuildPhase;
			buildActionMask = 2147483647;
			files = (
				3875AC291A44F5E500903D78 /* PooPingTests.m in Sources */,
			);
			runOnlyForDeploymentPostprocessing = 0;
		};
/* End PBXSourcesBuildPhase section */

/* Begin PBXTargetDependency section */
		3875AC241A44F5E500903D78 /* PBXTargetDependency */ = {
			isa = PBXTargetDependency;
			target = 3875AC081A44F5E500903D78 /* PooPing */;
			targetProxy = 3875AC231A44F5E500903D78 /* PBXContainerItemProxy */;
		};
/* End PBXTargetDependency section */

/* Begin PBXVariantGroup section */
		3875AC161A44F5E500903D78 /* PPLoginStoryboard.storyboard */ = {
			isa = PBXVariantGroup;
			children = (
				3875AC171A44F5E500903D78 /* Base */,
			);
			name = PPLoginStoryboard.storyboard;
			path = ..;
			sourceTree = "<group>";
		};
		3875AC1B1A44F5E500903D78 /* LaunchScreen.xib */ = {
			isa = PBXVariantGroup;
			children = (
				3875AC1C1A44F5E500903D78 /* Base */,
			);
			name = LaunchScreen.xib;
			sourceTree = "<group>";
		};
/* End PBXVariantGroup section */

/* Begin XCBuildConfiguration section */
		3840E7651A493830002CC4EF /* Ad Hoc */ = {
			isa = XCBuildConfiguration;
			buildSettings = {
				ALWAYS_SEARCH_USER_PATHS = NO;
				CLANG_CXX_LANGUAGE_STANDARD = "gnu++0x";
				CLANG_CXX_LIBRARY = "libc++";
				CLANG_ENABLE_MODULES = YES;
				CLANG_ENABLE_OBJC_ARC = YES;
				CLANG_WARN_BOOL_CONVERSION = YES;
				CLANG_WARN_CONSTANT_CONVERSION = YES;
				CLANG_WARN_DIRECT_OBJC_ISA_USAGE = YES_ERROR;
				CLANG_WARN_EMPTY_BODY = YES;
				CLANG_WARN_ENUM_CONVERSION = YES;
				CLANG_WARN_INT_CONVERSION = YES;
				CLANG_WARN_OBJC_ROOT_CLASS = YES_ERROR;
				CLANG_WARN_UNREACHABLE_CODE = YES;
				CLANG_WARN__DUPLICATE_METHOD_MATCH = YES;
				CODE_SIGN_IDENTITY = "iPhone Distribution: Razvan Bangu (69CN5HMUNT)";
				"CODE_SIGN_IDENTITY[sdk=iphoneos*]" = "iPhone Distribution: Razvan Bangu (69CN5HMUNT)";
				COPY_PHASE_STRIP = YES;
				ENABLE_NS_ASSERTIONS = NO;
				ENABLE_STRICT_OBJC_MSGSEND = YES;
				GCC_C_LANGUAGE_STANDARD = gnu99;
				GCC_WARN_64_TO_32_BIT_CONVERSION = YES;
				GCC_WARN_ABOUT_RETURN_TYPE = YES_ERROR;
				GCC_WARN_UNDECLARED_SELECTOR = YES;
				GCC_WARN_UNINITIALIZED_AUTOS = YES_AGGRESSIVE;
				GCC_WARN_UNUSED_FUNCTION = YES;
				GCC_WARN_UNUSED_VARIABLE = YES;
				IPHONEOS_DEPLOYMENT_TARGET = 7.1;
				MTL_ENABLE_DEBUG_INFO = NO;
				PROVISIONING_PROFILE = "1c05bfef-4564-4df0-9fbd-04f5032d85ff";
				SDKROOT = iphoneos;
				TARGETED_DEVICE_FAMILY = "1,2";
				VALIDATE_PRODUCT = YES;
			};
			name = "Ad Hoc";
		};
		3840E7661A493830002CC4EF /* Ad Hoc */ = {
			isa = XCBuildConfiguration;
			baseConfigurationReference = 7E255BBDB8B1616866B8085A /* Pods.release.xcconfig */;
			buildSettings = {
				ASSETCATALOG_COMPILER_APPICON_NAME = AppIcon;
				CODE_SIGN_IDENTITY = "iPhone Distribution: Razvan Bangu (69CN5HMUNT)";
				GCC_PRECOMPILE_PREFIX_HEADER = YES;
				GCC_PREFIX_HEADER = "PooPing/PooPing-Prefix.pch";
				INFOPLIST_FILE = PooPing/Info.plist;
				LD_RUNPATH_SEARCH_PATHS = "$(inherited) @executable_path/Frameworks";
				PRODUCT_NAME = "$(TARGET_NAME)";
				PROVISIONING_PROFILE = "1c05bfef-4564-4df0-9fbd-04f5032d85ff";
			};
			name = "Ad Hoc";
		};
		3840E7671A493830002CC4EF /* Ad Hoc */ = {
			isa = XCBuildConfiguration;
			baseConfigurationReference = 3B44A1A83D14D6F23768B7E0 /* Pods-PooPingTests.release.xcconfig */;
			buildSettings = {
				BUNDLE_LOADER = "$(TEST_HOST)";
				CODE_SIGN_IDENTITY = "iPhone Developer";
				FRAMEWORK_SEARCH_PATHS = (
					"$(SDKROOT)/Developer/Library/Frameworks",
					"$(inherited)",
				);
				INFOPLIST_FILE = PooPingTests/Info.plist;
				LD_RUNPATH_SEARCH_PATHS = "$(inherited) @executable_path/Frameworks @loader_path/Frameworks";
				PRODUCT_NAME = "$(TARGET_NAME)";
				PROVISIONING_PROFILE = "";
				TEST_HOST = "$(BUILT_PRODUCTS_DIR)/PooPing.app/PooPing";
			};
			name = "Ad Hoc";
		};
		3875AC2A1A44F5E500903D78 /* Debug */ = {
			isa = XCBuildConfiguration;
			buildSettings = {
				ALWAYS_SEARCH_USER_PATHS = NO;
				CLANG_CXX_LANGUAGE_STANDARD = "gnu++0x";
				CLANG_CXX_LIBRARY = "libc++";
				CLANG_ENABLE_MODULES = YES;
				CLANG_ENABLE_OBJC_ARC = YES;
				CLANG_WARN_BOOL_CONVERSION = YES;
				CLANG_WARN_CONSTANT_CONVERSION = YES;
				CLANG_WARN_DIRECT_OBJC_ISA_USAGE = YES_ERROR;
				CLANG_WARN_EMPTY_BODY = YES;
				CLANG_WARN_ENUM_CONVERSION = YES;
				CLANG_WARN_INT_CONVERSION = YES;
				CLANG_WARN_OBJC_ROOT_CLASS = YES_ERROR;
				CLANG_WARN_UNREACHABLE_CODE = YES;
				CLANG_WARN__DUPLICATE_METHOD_MATCH = YES;
				CODE_SIGN_IDENTITY = "iPhone Developer: Razvan Bangu (DEXJZD56RZ)";
				"CODE_SIGN_IDENTITY[sdk=iphoneos*]" = "iPhone Developer: Razvan Bangu (DEXJZD56RZ)";
				COPY_PHASE_STRIP = NO;
				ENABLE_STRICT_OBJC_MSGSEND = YES;
				GCC_C_LANGUAGE_STANDARD = gnu99;
				GCC_DYNAMIC_NO_PIC = NO;
				GCC_OPTIMIZATION_LEVEL = 0;
				GCC_PREPROCESSOR_DEFINITIONS = (
					"DEBUG=1",
					"$(inherited)",
				);
				GCC_SYMBOLS_PRIVATE_EXTERN = NO;
				GCC_WARN_64_TO_32_BIT_CONVERSION = YES;
				GCC_WARN_ABOUT_RETURN_TYPE = YES_ERROR;
				GCC_WARN_UNDECLARED_SELECTOR = YES;
				GCC_WARN_UNINITIALIZED_AUTOS = YES_AGGRESSIVE;
				GCC_WARN_UNUSED_FUNCTION = YES;
				GCC_WARN_UNUSED_VARIABLE = YES;
				IPHONEOS_DEPLOYMENT_TARGET = 7.1;
				MTL_ENABLE_DEBUG_INFO = YES;
				ONLY_ACTIVE_ARCH = YES;
				PROVISIONING_PROFILE = "9e889c76-87f3-49c3-bbc6-0812f1da0c80";
				SDKROOT = iphoneos;
				TARGETED_DEVICE_FAMILY = "1,2";
			};
			name = Debug;
		};
		3875AC2B1A44F5E500903D78 /* Release */ = {
			isa = XCBuildConfiguration;
			buildSettings = {
				ALWAYS_SEARCH_USER_PATHS = NO;
				CLANG_CXX_LANGUAGE_STANDARD = "gnu++0x";
				CLANG_CXX_LIBRARY = "libc++";
				CLANG_ENABLE_MODULES = YES;
				CLANG_ENABLE_OBJC_ARC = YES;
				CLANG_WARN_BOOL_CONVERSION = YES;
				CLANG_WARN_CONSTANT_CONVERSION = YES;
				CLANG_WARN_DIRECT_OBJC_ISA_USAGE = YES_ERROR;
				CLANG_WARN_EMPTY_BODY = YES;
				CLANG_WARN_ENUM_CONVERSION = YES;
				CLANG_WARN_INT_CONVERSION = YES;
				CLANG_WARN_OBJC_ROOT_CLASS = YES_ERROR;
				CLANG_WARN_UNREACHABLE_CODE = YES;
				CLANG_WARN__DUPLICATE_METHOD_MATCH = YES;
				CODE_SIGN_IDENTITY = "iPhone Distribution: Razvan Bangu (69CN5HMUNT)";
				"CODE_SIGN_IDENTITY[sdk=iphoneos*]" = "iPhone Distribution: Razvan Bangu (69CN5HMUNT)";
				COPY_PHASE_STRIP = YES;
				ENABLE_NS_ASSERTIONS = NO;
				ENABLE_STRICT_OBJC_MSGSEND = YES;
				GCC_C_LANGUAGE_STANDARD = gnu99;
				GCC_WARN_64_TO_32_BIT_CONVERSION = YES;
				GCC_WARN_ABOUT_RETURN_TYPE = YES_ERROR;
				GCC_WARN_UNDECLARED_SELECTOR = YES;
				GCC_WARN_UNINITIALIZED_AUTOS = YES_AGGRESSIVE;
				GCC_WARN_UNUSED_FUNCTION = YES;
				GCC_WARN_UNUSED_VARIABLE = YES;
				IPHONEOS_DEPLOYMENT_TARGET = 7.1;
				MTL_ENABLE_DEBUG_INFO = NO;
				PROVISIONING_PROFILE = "db9e2942-bf8e-44bf-a5fb-f21c493f6b7f";
				SDKROOT = iphoneos;
				TARGETED_DEVICE_FAMILY = "1,2";
				VALIDATE_PRODUCT = YES;
			};
			name = Release;
		};
		3875AC2D1A44F5E500903D78 /* Debug */ = {
			isa = XCBuildConfiguration;
			baseConfigurationReference = B0FFEA246C20A1A6E8416C6E /* Pods.debug.xcconfig */;
			buildSettings = {
				ASSETCATALOG_COMPILER_APPICON_NAME = AppIcon;
				CODE_SIGN_IDENTITY = "iPhone Developer: Razvan Bangu (DEXJZD56RZ)";
				GCC_PRECOMPILE_PREFIX_HEADER = YES;
				GCC_PREFIX_HEADER = "PooPing/PooPing-Prefix.pch";
				INFOPLIST_FILE = PooPing/Info.plist;
				LD_RUNPATH_SEARCH_PATHS = "$(inherited) @executable_path/Frameworks";
				PRODUCT_NAME = "$(TARGET_NAME)";
				PROVISIONING_PROFILE = "9e889c76-87f3-49c3-bbc6-0812f1da0c80";
			};
			name = Debug;
		};
		3875AC2E1A44F5E500903D78 /* Release */ = {
			isa = XCBuildConfiguration;
			baseConfigurationReference = 7E255BBDB8B1616866B8085A /* Pods.release.xcconfig */;
			buildSettings = {
				ASSETCATALOG_COMPILER_APPICON_NAME = AppIcon;
				CODE_SIGN_IDENTITY = "iPhone Distribution: Razvan Bangu (69CN5HMUNT)";
				GCC_PRECOMPILE_PREFIX_HEADER = YES;
				GCC_PREFIX_HEADER = "PooPing/PooPing-Prefix.pch";
				INFOPLIST_FILE = PooPing/Info.plist;
				LD_RUNPATH_SEARCH_PATHS = "$(inherited) @executable_path/Frameworks";
				PRODUCT_NAME = "$(TARGET_NAME)";
				PROVISIONING_PROFILE = "7075b5a6-9bd8-4cfc-bbe9-925616f1cbd6";
			};
			name = Release;
		};
		3875AC301A44F5E500903D78 /* Debug */ = {
			isa = XCBuildConfiguration;
			baseConfigurationReference = 680FE1715BDE427B75EA67FE /* Pods-PooPingTests.debug.xcconfig */;
			buildSettings = {
				BUNDLE_LOADER = "$(TEST_HOST)";
				CODE_SIGN_IDENTITY = "iPhone Developer";
				FRAMEWORK_SEARCH_PATHS = (
					"$(SDKROOT)/Developer/Library/Frameworks",
					"$(inherited)",
				);
				GCC_PREPROCESSOR_DEFINITIONS = (
					"DEBUG=1",
					"$(inherited)",
				);
				INFOPLIST_FILE = PooPingTests/Info.plist;
				LD_RUNPATH_SEARCH_PATHS = "$(inherited) @executable_path/Frameworks @loader_path/Frameworks";
				PRODUCT_NAME = "$(TARGET_NAME)";
				PROVISIONING_PROFILE = "";
				TEST_HOST = "$(BUILT_PRODUCTS_DIR)/PooPing.app/PooPing";
			};
			name = Debug;
		};
		3875AC311A44F5E500903D78 /* Release */ = {
			isa = XCBuildConfiguration;
			baseConfigurationReference = 3B44A1A83D14D6F23768B7E0 /* Pods-PooPingTests.release.xcconfig */;
			buildSettings = {
				BUNDLE_LOADER = "$(TEST_HOST)";
				CODE_SIGN_IDENTITY = "iPhone Developer";
				FRAMEWORK_SEARCH_PATHS = (
					"$(SDKROOT)/Developer/Library/Frameworks",
					"$(inherited)",
				);
				INFOPLIST_FILE = PooPingTests/Info.plist;
				LD_RUNPATH_SEARCH_PATHS = "$(inherited) @executable_path/Frameworks @loader_path/Frameworks";
				PRODUCT_NAME = "$(TARGET_NAME)";
				PROVISIONING_PROFILE = "";
				TEST_HOST = "$(BUILT_PRODUCTS_DIR)/PooPing.app/PooPing";
			};
			name = Release;
		};
/* End XCBuildConfiguration section */

/* Begin XCConfigurationList section */
		3875AC041A44F5E500903D78 /* Build configuration list for PBXProject "PooPing" */ = {
			isa = XCConfigurationList;
			buildConfigurations = (
				3875AC2A1A44F5E500903D78 /* Debug */,
				3875AC2B1A44F5E500903D78 /* Release */,
				3840E7651A493830002CC4EF /* Ad Hoc */,
			);
			defaultConfigurationIsVisible = 0;
			defaultConfigurationName = Release;
		};
		3875AC2C1A44F5E500903D78 /* Build configuration list for PBXNativeTarget "PooPing" */ = {
			isa = XCConfigurationList;
			buildConfigurations = (
				3875AC2D1A44F5E500903D78 /* Debug */,
				3875AC2E1A44F5E500903D78 /* Release */,
				3840E7661A493830002CC4EF /* Ad Hoc */,
			);
			defaultConfigurationIsVisible = 0;
			defaultConfigurationName = Release;
		};
		3875AC2F1A44F5E500903D78 /* Build configuration list for PBXNativeTarget "PooPingTests" */ = {
			isa = XCConfigurationList;
			buildConfigurations = (
				3875AC301A44F5E500903D78 /* Debug */,
				3875AC311A44F5E500903D78 /* Release */,
				3840E7671A493830002CC4EF /* Ad Hoc */,
			);
			defaultConfigurationIsVisible = 0;
			defaultConfigurationName = Release;
		};
/* End XCConfigurationList section */
	};
	rootObject = 3875AC011A44F5E500903D78 /* Project object */;
}
